
Microsoft Visual Studio Solution File, Format Version 12.00
# Visual Studio 15
VisualStudioVersion = 15.0.27428.2002
MinimumVisualStudioVersion = 10.0.40219.1
Project("{FAE04EC0-301F-11D3-BF4B-00C04F79EFBC}") = "WebAPIApplication", "WebAPIApplication\WebAPIApplication.csproj", "{7EA70446-A211-4CDA-8C71-CBDD5FDFD3F8}"
EndProject
Global
	GlobalSection(SolutionConfigurationPlatforms) = preSolution
		Debug|Any CPU = Debug|Any CPU
		Release|Any CPU = Release|Any CPU
	EndGlobalSection
	GlobalSection(ProjectConfigurationPlatforms) = postSolution
		{7EA70446-A211-4CDA-8C71-CBDD5FDFD3F8}.Debug|Any CPU.ActiveCfg = Debug|Any CPU
		{7EA70446-A211-4CDA-8C71-CBDD5FDFD3F8}.Debug|Any CPU.Build.0 = Debug|Any CPU
		{7EA70446-A211-4CDA-8C71-CBDD5FDFD3F8}.Release|Any CPU.ActiveCfg = Release|Any CPU
		{7EA70446-A211-4CDA-8C71-CBDD5FDFD3F8}.Release|Any CPU.Build.0 = Release|Any CPU
	EndGlobalSection
	GlobalSection(SolutionProperties) = preSolution
		HideSolutionNode = FALSE
	EndGlobalSection
	GlobalSection(ExtensibilityGlobals) = postSolution
		SolutionGuid = {54914260-ACF8-4889-9BB2-96573608FEE8}
	EndGlobalSection
EndGlobal
