
Microsoft Visual Studio Solution File, Format Version 12.00
# Visual Studio 15
VisualStudioVersion = 15.0.27428.2002
MinimumVisualStudioVersion = 10.0.40219.1
Project("{FAE04EC0-301F-11D3-BF4B-00C04F79EFBC}") = "DependencyInjection", "DependencyInjection\DependencyInjection.csproj", "{FDE24224-72AE-4BB9-B0D0-96A2CB4BC8C0}"
EndProject
Global
	GlobalSection(SolutionConfigurationPlatforms) = preSolution
		Debug|Any CPU = Debug|Any CPU
		Release|Any CPU = Release|Any CPU
	EndGlobalSection
	GlobalSection(ProjectConfigurationPlatforms) = postSolution
		{FDE24224-72AE-4BB9-B0D0-96A2CB4BC8C0}.Debug|Any CPU.ActiveCfg = Debug|Any CPU
		{FDE24224-72AE-4BB9-B0D0-96A2CB4BC8C0}.Debug|Any CPU.Build.0 = Debug|Any CPU
		{FDE24224-72AE-4BB9-B0D0-96A2CB4BC8C0}.Release|Any CPU.ActiveCfg = Release|Any CPU
		{FDE24224-72AE-4BB9-B0D0-96A2CB4BC8C0}.Release|Any CPU.Build.0 = Release|Any CPU
	EndGlobalSection
	GlobalSection(SolutionProperties) = preSolution
		HideSolutionNode = FALSE
	EndGlobalSection
	GlobalSection(ExtensibilityGlobals) = postSolution
		SolutionGuid = {D0340209-0B13-44B4-819E-C10EC5136EA4}
	EndGlobalSection
EndGlobal
