
Microsoft Visual Studio Solution File, Format Version 12.00
# Visual Studio 15
VisualStudioVersion = 15.0.27428.2002
MinimumVisualStudioVersion = 10.0.40219.1
Project("{FAE04EC0-301F-11D3-BF4B-00C04F79EFBC}") = "Middleware", "Middleware\Middleware.csproj", "{A0FD457D-AB41-4B13-92E4-D8E20628C64F}"
EndProject
Global
	GlobalSection(SolutionConfigurationPlatforms) = preSolution
		Debug|Any CPU = Debug|Any CPU
		Release|Any CPU = Release|Any CPU
	EndGlobalSection
	GlobalSection(ProjectConfigurationPlatforms) = postSolution
		{A0FD457D-AB41-4B13-92E4-D8E20628C64F}.Debug|Any CPU.ActiveCfg = Debug|Any CPU
		{A0FD457D-AB41-4B13-92E4-D8E20628C64F}.Debug|Any CPU.Build.0 = Debug|Any CPU
		{A0FD457D-AB41-4B13-92E4-D8E20628C64F}.Release|Any CPU.ActiveCfg = Release|Any CPU
		{A0FD457D-AB41-4B13-92E4-D8E20628C64F}.Release|Any CPU.Build.0 = Release|Any CPU
	EndGlobalSection
	GlobalSection(SolutionProperties) = preSolution
		HideSolutionNode = FALSE
	EndGlobalSection
	GlobalSection(ExtensibilityGlobals) = postSolution
		SolutionGuid = {8289077C-A459-4386-B6D4-FD762B421FFA}
	EndGlobalSection
EndGlobal
