
Microsoft Visual Studio Solution File, Format Version 12.00
# Visual Studio 15
VisualStudioVersion = 15.0.27428.2002
MinimumVisualStudioVersion = 10.0.40219.1
Project("{FAE04EC0-301F-11D3-BF4B-00C04F79EFBC}") = "MVCWebApplication", "MVCWebApplication\MVCWebApplication.csproj", "{E66A3241-F87D-4C6E-BD36-94729FB0FA04}"
EndProject
Global
	GlobalSection(SolutionConfigurationPlatforms) = preSolution
		Debug|Any CPU = Debug|Any CPU
		Release|Any CPU = Release|Any CPU
	EndGlobalSection
	GlobalSection(ProjectConfigurationPlatforms) = postSolution
		{E66A3241-F87D-4C6E-BD36-94729FB0FA04}.Debug|Any CPU.ActiveCfg = Debug|Any CPU
		{E66A3241-F87D-4C6E-BD36-94729FB0FA04}.Debug|Any CPU.Build.0 = Debug|Any CPU
		{E66A3241-F87D-4C6E-BD36-94729FB0FA04}.Release|Any CPU.ActiveCfg = Release|Any CPU
		{E66A3241-F87D-4C6E-BD36-94729FB0FA04}.Release|Any CPU.Build.0 = Release|Any CPU
	EndGlobalSection
	GlobalSection(SolutionProperties) = preSolution
		HideSolutionNode = FALSE
	EndGlobalSection
	GlobalSection(ExtensibilityGlobals) = postSolution
		SolutionGuid = {F109478B-9C40-4972-8FC9-AB4598D82FB2}
	EndGlobalSection
EndGlobal
