
Microsoft Visual Studio Solution File, Format Version 12.00
# Visual Studio 15
VisualStudioVersion = 15.0.27428.2002
MinimumVisualStudioVersion = 10.0.40219.1
Project("{FAE04EC0-301F-11D3-BF4B-00C04F79EFBC}") = "Empty", "Empty\Empty.csproj", "{6C33F317-8E11-467C-B8C7-D31232DBCEAC}"
EndProject
Global
	GlobalSection(SolutionConfigurationPlatforms) = preSolution
		Debug|Any CPU = Debug|Any CPU
		Release|Any CPU = Release|Any CPU
	EndGlobalSection
	GlobalSection(ProjectConfigurationPlatforms) = postSolution
		{6C33F317-8E11-467C-B8C7-D31232DBCEAC}.Debug|Any CPU.ActiveCfg = Debug|Any CPU
		{6C33F317-8E11-467C-B8C7-D31232DBCEAC}.Debug|Any CPU.Build.0 = Debug|Any CPU
		{6C33F317-8E11-467C-B8C7-D31232DBCEAC}.Release|Any CPU.ActiveCfg = Release|Any CPU
		{6C33F317-8E11-467C-B8C7-D31232DBCEAC}.Release|Any CPU.Build.0 = Release|Any CPU
	EndGlobalSection
	GlobalSection(SolutionProperties) = preSolution
		HideSolutionNode = FALSE
	EndGlobalSection
	GlobalSection(ExtensibilityGlobals) = postSolution
		SolutionGuid = {D7C3BE06-5DFB-4A9C-BA31-97D87C07A150}
	EndGlobalSection
EndGlobal
